
Microsoft Visual Studio Solution File, Format Version 12.00
# Visual Studio Version 17
VisualStudioVersion = 17.8.34316.72
MinimumVisualStudioVersion = 10.0.40219.1
Project("{FAE04EC0-301F-11D3-BF4B-00C04F79EFBC}") = "FinalProject2", "FinalProject2\FinalProject2.csproj", "{EE38401B-8DCF-4ECD-B01E-0D5EFA952309}"
EndProject
Global
	GlobalSection(SolutionConfigurationPlatforms) = preSolution
		Debug|Any CPU = Debug|Any CPU
		Release|Any CPU = Release|Any CPU
	EndGlobalSection
	GlobalSection(ProjectConfigurationPlatforms) = postSolution
		{EE38401B-8DCF-4ECD-B01E-0D5EFA952309}.Debug|Any CPU.ActiveCfg = Debug|Any CPU
		{EE38401B-8DCF-4ECD-B01E-0D5EFA952309}.Debug|Any CPU.Build.0 = Debug|Any CPU
		{EE38401B-8DCF-4ECD-B01E-0D5EFA952309}.Release|Any CPU.ActiveCfg = Release|Any CPU
		{EE38401B-8DCF-4ECD-B01E-0D5EFA952309}.Release|Any CPU.Build.0 = Release|Any CPU
	EndGlobalSection
	GlobalSection(SolutionProperties) = preSolution
		HideSolutionNode = FALSE
	EndGlobalSection
	GlobalSection(ExtensibilityGlobals) = postSolution
		SolutionGuid = {58FCCF69-0B1E-401A-AC8F-49C3B1403B26}
	EndGlobalSection
EndGlobal
